
Microsoft Visual Studio Solution File, Format Version 12.00
# Visual Studio Version 17
VisualStudioVersion = 17.11.35312.102
MinimumVisualStudioVersion = 10.0.40219.1
Project("{FAE04EC0-301F-11D3-BF4B-00C04F79EFBC}") = "DynamicSun.Weather.WebUI", "DynamicSun.Weather.WebUI\DynamicSun.Weather.WebUI.csproj", "{4FA1DAC7-10F6-4CDF-B7C0-8C68FB16EA22}"
EndProject
Project("{FAE04EC0-301F-11D3-BF4B-00C04F79EFBC}") = "DynamicSun.Weather.Domain", "DynamicSun.Weather.Domain\DynamicSun.Weather.Domain.csproj", "{9DDDF3F1-217C-4207-9F5E-ADEEEED8F2E6}"
EndProject
Project("{FAE04EC0-301F-11D3-BF4B-00C04F79EFBC}") = "DynamicSun.Weather.Application", "DynamicSun.Weather.Application\DynamicSun.Weather.Application.csproj", "{43406AA4-E8C6-40D1-9B16-D5E2129EDC3D}"
EndProject
Project("{FAE04EC0-301F-11D3-BF4B-00C04F79EFBC}") = "DynamicSun.Weather.Infrastructure", "DynamicSun.Weather.Infrastructure\DynamicSun.Weather.Infrastructure.csproj", "{5EDB03B0-3A51-4AA5-A4E8-2145D0987CA6}"
EndProject
Global
	GlobalSection(SolutionConfigurationPlatforms) = preSolution
		Debug|Any CPU = Debug|Any CPU
		Release|Any CPU = Release|Any CPU
	EndGlobalSection
	GlobalSection(ProjectConfigurationPlatforms) = postSolution
		{4FA1DAC7-10F6-4CDF-B7C0-8C68FB16EA22}.Debug|Any CPU.ActiveCfg = Debug|Any CPU
		{4FA1DAC7-10F6-4CDF-B7C0-8C68FB16EA22}.Debug|Any CPU.Build.0 = Debug|Any CPU
		{4FA1DAC7-10F6-4CDF-B7C0-8C68FB16EA22}.Release|Any CPU.ActiveCfg = Release|Any CPU
		{4FA1DAC7-10F6-4CDF-B7C0-8C68FB16EA22}.Release|Any CPU.Build.0 = Release|Any CPU
		{9DDDF3F1-217C-4207-9F5E-ADEEEED8F2E6}.Debug|Any CPU.ActiveCfg = Debug|Any CPU
		{9DDDF3F1-217C-4207-9F5E-ADEEEED8F2E6}.Debug|Any CPU.Build.0 = Debug|Any CPU
		{9DDDF3F1-217C-4207-9F5E-ADEEEED8F2E6}.Release|Any CPU.ActiveCfg = Release|Any CPU
		{9DDDF3F1-217C-4207-9F5E-ADEEEED8F2E6}.Release|Any CPU.Build.0 = Release|Any CPU
		{43406AA4-E8C6-40D1-9B16-D5E2129EDC3D}.Debug|Any CPU.ActiveCfg = Debug|Any CPU
		{43406AA4-E8C6-40D1-9B16-D5E2129EDC3D}.Debug|Any CPU.Build.0 = Debug|Any CPU
		{43406AA4-E8C6-40D1-9B16-D5E2129EDC3D}.Release|Any CPU.ActiveCfg = Release|Any CPU
		{43406AA4-E8C6-40D1-9B16-D5E2129EDC3D}.Release|Any CPU.Build.0 = Release|Any CPU
		{5EDB03B0-3A51-4AA5-A4E8-2145D0987CA6}.Debug|Any CPU.ActiveCfg = Debug|Any CPU
		{5EDB03B0-3A51-4AA5-A4E8-2145D0987CA6}.Debug|Any CPU.Build.0 = Debug|Any CPU
		{5EDB03B0-3A51-4AA5-A4E8-2145D0987CA6}.Release|Any CPU.ActiveCfg = Release|Any CPU
		{5EDB03B0-3A51-4AA5-A4E8-2145D0987CA6}.Release|Any CPU.Build.0 = Release|Any CPU
	EndGlobalSection
	GlobalSection(SolutionProperties) = preSolution
		HideSolutionNode = FALSE
	EndGlobalSection
	GlobalSection(ExtensibilityGlobals) = postSolution
		SolutionGuid = {0FB7DA28-85F8-430C-88C7-AF4461B84304}
	EndGlobalSection
EndGlobal
